
Microsoft Visual Studio Solution File, Format Version 12.00
# Visual Studio Version 16
VisualStudioVersion = 16.0.29709.97
MinimumVisualStudioVersion = 10.0.40219.1
Project("{FAE04EC0-301F-11D3-BF4B-00C04F79EFBC}") = "GetOutside.Android", "GetOutside\GetOutside.Android.csproj", "{04897886-031F-404E-B824-DA3FCBD36179}"
EndProject
Project("{9A19103F-16F7-4668-BE54-9A1E7A4F7556}") = "GetOutside.Core", "GetOutside.Core\GetOutside.Core.csproj", "{43404E70-3E11-4B29-8C56-328679C7FEE5}"
EndProject
Global
	GlobalSection(SolutionConfigurationPlatforms) = preSolution
		Debug|Any CPU = Debug|Any CPU
		Release|Any CPU = Release|Any CPU
	EndGlobalSection
	GlobalSection(ProjectConfigurationPlatforms) = postSolution
		{04897886-031F-404E-B824-DA3FCBD36179}.Debug|Any CPU.ActiveCfg = Debug|Any CPU
		{04897886-031F-404E-B824-DA3FCBD36179}.Debug|Any CPU.Build.0 = Debug|Any CPU
		{04897886-031F-404E-B824-DA3FCBD36179}.Debug|Any CPU.Deploy.0 = Debug|Any CPU
		{04897886-031F-404E-B824-DA3FCBD36179}.Release|Any CPU.ActiveCfg = Release|Any CPU
		{04897886-031F-404E-B824-DA3FCBD36179}.Release|Any CPU.Build.0 = Release|Any CPU
		{04897886-031F-404E-B824-DA3FCBD36179}.Release|Any CPU.Deploy.0 = Release|Any CPU
		{43404E70-3E11-4B29-8C56-328679C7FEE5}.Debug|Any CPU.ActiveCfg = Debug|Any CPU
		{43404E70-3E11-4B29-8C56-328679C7FEE5}.Debug|Any CPU.Build.0 = Debug|Any CPU
		{43404E70-3E11-4B29-8C56-328679C7FEE5}.Release|Any CPU.ActiveCfg = Release|Any CPU
		{43404E70-3E11-4B29-8C56-328679C7FEE5}.Release|Any CPU.Build.0 = Release|Any CPU
	EndGlobalSection
	GlobalSection(SolutionProperties) = preSolution
		HideSolutionNode = FALSE
	EndGlobalSection
	GlobalSection(ExtensibilityGlobals) = postSolution
		SolutionGuid = {922155C9-B8AF-4951-B331-6C400DE37D37}
	EndGlobalSection
EndGlobal
